
Microsoft Visual Studio Solution File, Format Version 12.00
Project("{FAE04EC0-301F-11D3-BF4B-00C04F79EFBC}") = "UITestProject1", "UITestProject1\UITestProject1.csproj", "{F79B7614-A4BB-4E2E-9646-4EF9FAFBB27D}"
EndProject
Project("{FAE04EC0-301F-11D3-BF4B-00C04F79EFBC}") = "probabilitycalc.api", "..\probabilitycalc.api\probabilitycalc.api.csproj", "{66722C96-02EB-43C9-8C07-028B931BFF6B}"
EndProject
Global
	GlobalSection(SolutionConfigurationPlatforms) = preSolution
		Debug|Any CPU = Debug|Any CPU
		Release|Any CPU = Release|Any CPU
	EndGlobalSection
	GlobalSection(ProjectConfigurationPlatforms) = postSolution
		{F79B7614-A4BB-4E2E-9646-4EF9FAFBB27D}.Debug|Any CPU.ActiveCfg = Debug|Any CPU
		{F79B7614-A4BB-4E2E-9646-4EF9FAFBB27D}.Debug|Any CPU.Build.0 = Debug|Any CPU
		{F79B7614-A4BB-4E2E-9646-4EF9FAFBB27D}.Release|Any CPU.ActiveCfg = Release|Any CPU
		{F79B7614-A4BB-4E2E-9646-4EF9FAFBB27D}.Release|Any CPU.Build.0 = Release|Any CPU
		{66722C96-02EB-43C9-8C07-028B931BFF6B}.Debug|Any CPU.ActiveCfg = Debug|Any CPU
		{66722C96-02EB-43C9-8C07-028B931BFF6B}.Debug|Any CPU.Build.0 = Debug|Any CPU
		{66722C96-02EB-43C9-8C07-028B931BFF6B}.Release|Any CPU.ActiveCfg = Release|Any CPU
		{66722C96-02EB-43C9-8C07-028B931BFF6B}.Release|Any CPU.Build.0 = Release|Any CPU
	EndGlobalSection
EndGlobal
